
Microsoft Visual Studio Solution File, Format Version 12.00
# Visual Studio Version 17
VisualStudioVersion = 17.3.32929.385
MinimumVisualStudioVersion = 10.0.40219.1
Project("{FAE04EC0-301F-11D3-BF4B-00C04F79EFBC}") = "Examen1.UWP", "Examen1.UWP\Examen1.UWP.csproj", "{59D53305-4C80-41A6-982D-D7B5F8B3F6B7}"
EndProject
Project("{FAE04EC0-301F-11D3-BF4B-00C04F79EFBC}") = "Examen1.Android", "Examen1.Android\Examen1.Android.csproj", "{6FBC819A-621A-42FC-9AE6-4DD3132E7A64}"
EndProject
Project("{FAE04EC0-301F-11D3-BF4B-00C04F79EFBC}") = "Examen1.iOS", "Examen1.iOS\Examen1.iOS.csproj", "{0CC40972-5FC7-48AD-8D9C-CEE9C761FD50}"
EndProject
Project("{FAE04EC0-301F-11D3-BF4B-00C04F79EFBC}") = "Examen1", "Examen1\Examen1.csproj", "{9BC1E4CA-AF5F-4CCF-8167-3A5DF6613FBF}"
EndProject
Global
	GlobalSection(SolutionConfigurationPlatforms) = preSolution
		Debug|Any CPU = Debug|Any CPU
		Debug|ARM = Debug|ARM
		Debug|iPhone = Debug|iPhone
		Debug|iPhoneSimulator = Debug|iPhoneSimulator
		Debug|x64 = Debug|x64
		Debug|x86 = Debug|x86
		Release|Any CPU = Release|Any CPU
		Release|ARM = Release|ARM
		Release|iPhone = Release|iPhone
		Release|iPhoneSimulator = Release|iPhoneSimulator
		Release|x64 = Release|x64
		Release|x86 = Release|x86
	EndGlobalSection
	GlobalSection(ProjectConfigurationPlatforms) = postSolution
		{59D53305-4C80-41A6-982D-D7B5F8B3F6B7}.Debug|Any CPU.ActiveCfg = Debug|x64
		{59D53305-4C80-41A6-982D-D7B5F8B3F6B7}.Debug|ARM.ActiveCfg = Debug|ARM
		{59D53305-4C80-41A6-982D-D7B5F8B3F6B7}.Debug|ARM.Build.0 = Debug|ARM
		{59D53305-4C80-41A6-982D-D7B5F8B3F6B7}.Debug|ARM.Deploy.0 = Debug|ARM
		{59D53305-4C80-41A6-982D-D7B5F8B3F6B7}.Debug|iPhone.ActiveCfg = Debug|x64
		{59D53305-4C80-41A6-982D-D7B5F8B3F6B7}.Debug|iPhoneSimulator.ActiveCfg = Debug|x64
		{59D53305-4C80-41A6-982D-D7B5F8B3F6B7}.Debug|x64.ActiveCfg = Debug|x64
		{59D53305-4C80-41A6-982D-D7B5F8B3F6B7}.Debug|x64.Build.0 = Debug|x64
		{59D53305-4C80-41A6-982D-D7B5F8B3F6B7}.Debug|x64.Deploy.0 = Debug|x64
		{59D53305-4C80-41A6-982D-D7B5F8B3F6B7}.Debug|x86.ActiveCfg = Debug|x86
		{59D53305-4C80-41A6-982D-D7B5F8B3F6B7}.Debug|x86.Build.0 = Debug|x86
		{59D53305-4C80-41A6-982D-D7B5F8B3F6B7}.Debug|x86.Deploy.0 = Debug|x86
		{59D53305-4C80-41A6-982D-D7B5F8B3F6B7}.Release|Any CPU.ActiveCfg = Release|x64
		{59D53305-4C80-41A6-982D-D7B5F8B3F6B7}.Release|ARM.ActiveCfg = Release|ARM
		{59D53305-4C80-41A6-982D-D7B5F8B3F6B7}.Release|ARM.Build.0 = Release|ARM
		{59D53305-4C80-41A6-982D-D7B5F8B3F6B7}.Release|ARM.Deploy.0 = Release|ARM
		{59D53305-4C80-41A6-982D-D7B5F8B3F6B7}.Release|iPhone.ActiveCfg = Release|x64
		{59D53305-4C80-41A6-982D-D7B5F8B3F6B7}.Release|iPhoneSimulator.ActiveCfg = Release|x64
		{59D53305-4C80-41A6-982D-D7B5F8B3F6B7}.Release|x64.ActiveCfg = Release|x64
		{59D53305-4C80-41A6-982D-D7B5F8B3F6B7}.Release|x64.Build.0 = Release|x64
		{59D53305-4C80-41A6-982D-D7B5F8B3F6B7}.Release|x64.Deploy.0 = Release|x64
		{59D53305-4C80-41A6-982D-D7B5F8B3F6B7}.Release|x86.ActiveCfg = Release|x86
		{59D53305-4C80-41A6-982D-D7B5F8B3F6B7}.Release|x86.Build.0 = Release|x86
		{59D53305-4C80-41A6-982D-D7B5F8B3F6B7}.Release|x86.Deploy.0 = Release|x86
		{6FBC819A-621A-42FC-9AE6-4DD3132E7A64}.Debug|Any CPU.ActiveCfg = Debug|Any CPU
		{6FBC819A-621A-42FC-9AE6-4DD3132E7A64}.Debug|Any CPU.Build.0 = Debug|Any CPU
		{6FBC819A-621A-42FC-9AE6-4DD3132E7A64}.Debug|Any CPU.Deploy.0 = Debug|Any CPU
		{6FBC819A-621A-42FC-9AE6-4DD3132E7A64}.Debug|ARM.ActiveCfg = Debug|Any CPU
		{6FBC819A-621A-42FC-9AE6-4DD3132E7A64}.Debug|ARM.Build.0 = Debug|Any CPU
		{6FBC819A-621A-42FC-9AE6-4DD3132E7A64}.Debug|ARM.Deploy.0 = Debug|Any CPU
		{6FBC819A-621A-42FC-9AE6-4DD3132E7A64}.Debug|iPhone.ActiveCfg = Debug|Any CPU
		{6FBC819A-621A-42FC-9AE6-4DD3132E7A64}.Debug|iPhone.Build.0 = Debug|Any CPU
		{6FBC819A-621A-42FC-9AE6-4DD3132E7A64}.Debug|iPhone.Deploy.0 = Debug|Any CPU
		{6FBC819A-621A-42FC-9AE6-4DD3132E7A64}.Debug|iPhoneSimulator.ActiveCfg = Debug|Any CPU
		{6FBC819A-621A-42FC-9AE6-4DD3132E7A64}.Debug|iPhoneSimulator.Build.0 = Debug|Any CPU
		{6FBC819A-621A-42FC-9AE6-4DD3132E7A64}.Debug|iPhoneSimulator.Deploy.0 = Debug|Any CPU
		{6FBC819A-621A-42FC-9AE6-4DD3132E7A64}.Debug|x64.ActiveCfg = Debug|Any CPU
		{6FBC819A-621A-42FC-9AE6-4DD3132E7A64}.Debug|x64.Build.0 = Debug|Any CPU
		{6FBC819A-621A-42FC-9AE6-4DD3132E7A64}.Debug|x64.Deploy.0 = Debug|Any CPU
		{6FBC819A-621A-42FC-9AE6-4DD3132E7A64}.Debug|x86.ActiveCfg = Debug|Any CPU
		{6FBC819A-621A-42FC-9AE6-4DD3132E7A64}.Debug|x86.Build.0 = Debug|Any CPU
		{6FBC819A-621A-42FC-9AE6-4DD3132E7A64}.Debug|x86.Deploy.0 = Debug|Any CPU
		{6FBC819A-621A-42FC-9AE6-4DD3132E7A64}.Release|Any CPU.ActiveCfg = Release|Any CPU
		{6FBC819A-621A-42FC-9AE6-4DD3132E7A64}.Release|Any CPU.Build.0 = Release|Any CPU
		{6FBC819A-621A-42FC-9AE6-4DD3132E7A64}.Release|Any CPU.Deploy.0 = Release|Any CPU
		{6FBC819A-621A-42FC-9AE6-4DD3132E7A64}.Release|ARM.ActiveCfg = Release|Any CPU
		{6FBC819A-621A-42FC-9AE6-4DD3132E7A64}.Release|ARM.Build.0 = Release|Any CPU
		{6FBC819A-621A-42FC-9AE6-4DD3132E7A64}.Release|ARM.Deploy.0 = Release|Any CPU
		{6FBC819A-621A-42FC-9AE6-4DD3132E7A64}.Release|iPhone.ActiveCfg = Release|Any CPU
		{6FBC819A-621A-42FC-9AE6-4DD3132E7A64}.Release|iPhone.Build.0 = Release|Any CPU
		{6FBC819A-621A-42FC-9AE6-4DD3132E7A64}.Release|iPhone.Deploy.0 = Release|Any CPU
		{6FBC819A-621A-42FC-9AE6-4DD3132E7A64}.Release|iPhoneSimulator.ActiveCfg = Release|Any CPU
		{6FBC819A-621A-42FC-9AE6-4DD3132E7A64}.Release|iPhoneSimulator.Build.0 = Release|Any CPU
		{6FBC819A-621A-42FC-9AE6-4DD3132E7A64}.Release|iPhoneSimulator.Deploy.0 = Release|Any CPU
		{6FBC819A-621A-42FC-9AE6-4DD3132E7A64}.Release|x64.ActiveCfg = Release|Any CPU
		{6FBC819A-621A-42FC-9AE6-4DD3132E7A64}.Release|x64.Build.0 = Release|Any CPU
		{6FBC819A-621A-42FC-9AE6-4DD3132E7A64}.Release|x64.Deploy.0 = Release|Any CPU
		{6FBC819A-621A-42FC-9AE6-4DD3132E7A64}.Release|x86.ActiveCfg = Release|Any CPU
		{6FBC819A-621A-42FC-9AE6-4DD3132E7A64}.Release|x86.Build.0 = Release|Any CPU
		{6FBC819A-621A-42FC-9AE6-4DD3132E7A64}.Release|x86.Deploy.0 = Release|Any CPU
		{0CC40972-5FC7-48AD-8D9C-CEE9C761FD50}.Debug|Any CPU.ActiveCfg = Debug|iPhone
		{0CC40972-5FC7-48AD-8D9C-CEE9C761FD50}.Debug|Any CPU.Build.0 = Debug|iPhone
		{0CC40972-5FC7-48AD-8D9C-CEE9C761FD50}.Debug|Any CPU.Deploy.0 = Debug|iPhone
		{0CC40972-5FC7-48AD-8D9C-CEE9C761FD50}.Debug|ARM.ActiveCfg = Debug|iPhoneSimulator
		{0CC40972-5FC7-48AD-8D9C-CEE9C761FD50}.Debug|ARM.Build.0 = Debug|iPhoneSimulator
		{0CC40972-5FC7-48AD-8D9C-CEE9C761FD50}.Debug|ARM.Deploy.0 = Debug|iPhoneSimulator
		{0CC40972-5FC7-48AD-8D9C-CEE9C761FD50}.Debug|iPhone.ActiveCfg = Debug|iPhone
		{0CC40972-5FC7-48AD-8D9C-CEE9C761FD50}.Debug|iPhone.Build.0 = Debug|iPhone
		{0CC40972-5FC7-48AD-8D9C-CEE9C761FD50}.Debug|iPhone.Deploy.0 = Debug|iPhone
		{0CC40972-5FC7-48AD-8D9C-CEE9C761FD50}.Debug|iPhoneSimulator.ActiveCfg = Debug|iPhoneSimulator
		{0CC40972-5FC7-48AD-8D9C-CEE9C761FD50}.Debug|iPhoneSimulator.Build.0 = Debug|iPhoneSimulator
		{0CC40972-5FC7-48AD-8D9C-CEE9C761FD50}.Debug|iPhoneSimulator.Deploy.0 = Debug|iPhoneSimulator
		{0CC40972-5FC7-48AD-8D9C-CEE9C761FD50}.Debug|x64.ActiveCfg = Debug|iPhoneSimulator
		{0CC40972-5FC7-48AD-8D9C-CEE9C761FD50}.Debug|x64.Build.0 = Debug|iPhoneSimulator
		{0CC40972-5FC7-48AD-8D9C-CEE9C761FD50}.Debug|x64.Deploy.0 = Debug|iPhoneSimulator
		{0CC40972-5FC7-48AD-8D9C-CEE9C761FD50}.Debug|x86.ActiveCfg = Debug|iPhoneSimulator
		{0CC40972-5FC7-48AD-8D9C-CEE9C761FD50}.Debug|x86.Build.0 = Debug|iPhoneSimulator
		{0CC40972-5FC7-48AD-8D9C-CEE9C761FD50}.Debug|x86.Deploy.0 = Debug|iPhoneSimulator
		{0CC40972-5FC7-48AD-8D9C-CEE9C761FD50}.Release|Any CPU.ActiveCfg = Release|iPhoneSimulator
		{0CC40972-5FC7-48AD-8D9C-CEE9C761FD50}.Release|Any CPU.Build.0 = Release|iPhoneSimulator
		{0CC40972-5FC7-48AD-8D9C-CEE9C761FD50}.Release|Any CPU.Deploy.0 = Release|iPhoneSimulator
		{0CC40972-5FC7-48AD-8D9C-CEE9C761FD50}.Release|ARM.ActiveCfg = Release|iPhoneSimulator
		{0CC40972-5FC7-48AD-8D9C-CEE9C761FD50}.Release|ARM.Build.0 = Release|iPhoneSimulator
		{0CC40972-5FC7-48AD-8D9C-CEE9C761FD50}.Release|ARM.Deploy.0 = Release|iPhoneSimulator
		{0CC40972-5FC7-48AD-8D9C-CEE9C761FD50}.Release|iPhone.ActiveCfg = Release|iPhone
		{0CC40972-5FC7-48AD-8D9C-CEE9C761FD50}.Release|iPhone.Build.0 = Release|iPhone
		{0CC40972-5FC7-48AD-8D9C-CEE9C761FD50}.Release|iPhone.Deploy.0 = Release|iPhone
		{0CC40972-5FC7-48AD-8D9C-CEE9C761FD50}.Release|iPhoneSimulator.ActiveCfg = Release|iPhoneSimulator
		{0CC40972-5FC7-48AD-8D9C-CEE9C761FD50}.Release|iPhoneSimulator.Build.0 = Release|iPhoneSimulator
		{0CC40972-5FC7-48AD-8D9C-CEE9C761FD50}.Release|iPhoneSimulator.Deploy.0 = Release|iPhoneSimulator
		{0CC40972-5FC7-48AD-8D9C-CEE9C761FD50}.Release|x64.ActiveCfg = Release|iPhoneSimulator
		{0CC40972-5FC7-48AD-8D9C-CEE9C761FD50}.Release|x64.Build.0 = Release|iPhoneSimulator
		{0CC40972-5FC7-48AD-8D9C-CEE9C761FD50}.Release|x64.Deploy.0 = Release|iPhoneSimulator
		{0CC40972-5FC7-48AD-8D9C-CEE9C761FD50}.Release|x86.ActiveCfg = Release|iPhoneSimulator
		{0CC40972-5FC7-48AD-8D9C-CEE9C761FD50}.Release|x86.Build.0 = Release|iPhoneSimulator
		{0CC40972-5FC7-48AD-8D9C-CEE9C761FD50}.Release|x86.Deploy.0 = Release|iPhoneSimulator
		{9BC1E4CA-AF5F-4CCF-8167-3A5DF6613FBF}.Debug|Any CPU.ActiveCfg = Debug|Any CPU
		{9BC1E4CA-AF5F-4CCF-8167-3A5DF6613FBF}.Debug|Any CPU.Build.0 = Debug|Any CPU
		{9BC1E4CA-AF5F-4CCF-8167-3A5DF6613FBF}.Debug|Any CPU.Deploy.0 = Debug|Any CPU
		{9BC1E4CA-AF5F-4CCF-8167-3A5DF6613FBF}.Debug|ARM.ActiveCfg = Debug|Any CPU
		{9BC1E4CA-AF5F-4CCF-8167-3A5DF6613FBF}.Debug|ARM.Build.0 = Debug|Any CPU
		{9BC1E4CA-AF5F-4CCF-8167-3A5DF6613FBF}.Debug|ARM.Deploy.0 = Debug|Any CPU
		{9BC1E4CA-AF5F-4CCF-8167-3A5DF6613FBF}.Debug|iPhone.ActiveCfg = Debug|Any CPU
		{9BC1E4CA-AF5F-4CCF-8167-3A5DF6613FBF}.Debug|iPhone.Build.0 = Debug|Any CPU
		{9BC1E4CA-AF5F-4CCF-8167-3A5DF6613FBF}.Debug|iPhone.Deploy.0 = Debug|Any CPU
		{9BC1E4CA-AF5F-4CCF-8167-3A5DF6613FBF}.Debug|iPhoneSimulator.ActiveCfg = Debug|Any CPU
		{9BC1E4CA-AF5F-4CCF-8167-3A5DF6613FBF}.Debug|iPhoneSimulator.Build.0 = Debug|Any CPU
		{9BC1E4CA-AF5F-4CCF-8167-3A5DF6613FBF}.Debug|iPhoneSimulator.Deploy.0 = Debug|Any CPU
		{9BC1E4CA-AF5F-4CCF-8167-3A5DF6613FBF}.Debug|x64.ActiveCfg = Debug|Any CPU
		{9BC1E4CA-AF5F-4CCF-8167-3A5DF6613FBF}.Debug|x64.Build.0 = Debug|Any CPU
		{9BC1E4CA-AF5F-4CCF-8167-3A5DF6613FBF}.Debug|x64.Deploy.0 = Debug|Any CPU
		{9BC1E4CA-AF5F-4CCF-8167-3A5DF6613FBF}.Debug|x86.ActiveCfg = Debug|Any CPU
		{9BC1E4CA-AF5F-4CCF-8167-3A5DF6613FBF}.Debug|x86.Build.0 = Debug|Any CPU
		{9BC1E4CA-AF5F-4CCF-8167-3A5DF6613FBF}.Debug|x86.Deploy.0 = Debug|Any CPU
		{9BC1E4CA-AF5F-4CCF-8167-3A5DF6613FBF}.Release|Any CPU.ActiveCfg = Release|Any CPU
		{9BC1E4CA-AF5F-4CCF-8167-3A5DF6613FBF}.Release|Any CPU.Build.0 = Release|Any CPU
		{9BC1E4CA-AF5F-4CCF-8167-3A5DF6613FBF}.Release|Any CPU.Deploy.0 = Release|Any CPU
		{9BC1E4CA-AF5F-4CCF-8167-3A5DF6613FBF}.Release|ARM.ActiveCfg = Release|Any CPU
		{9BC1E4CA-AF5F-4CCF-8167-3A5DF6613FBF}.Release|ARM.Build.0 = Release|Any CPU
		{9BC1E4CA-AF5F-4CCF-8167-3A5DF6613FBF}.Release|ARM.Deploy.0 = Release|Any CPU
		{9BC1E4CA-AF5F-4CCF-8167-3A5DF6613FBF}.Release|iPhone.ActiveCfg = Release|Any CPU
		{9BC1E4CA-AF5F-4CCF-8167-3A5DF6613FBF}.Release|iPhone.Build.0 = Release|Any CPU
		{9BC1E4CA-AF5F-4CCF-8167-3A5DF6613FBF}.Release|iPhone.Deploy.0 = Release|Any CPU
		{9BC1E4CA-AF5F-4CCF-8167-3A5DF6613FBF}.Release|iPhoneSimulator.ActiveCfg = Release|Any CPU
		{9BC1E4CA-AF5F-4CCF-8167-3A5DF6613FBF}.Release|iPhoneSimulator.Build.0 = Release|Any CPU
		{9BC1E4CA-AF5F-4CCF-8167-3A5DF6613FBF}.Release|iPhoneSimulator.Deploy.0 = Release|Any CPU
		{9BC1E4CA-AF5F-4CCF-8167-3A5DF6613FBF}.Release|x64.ActiveCfg = Release|Any CPU
		{9BC1E4CA-AF5F-4CCF-8167-3A5DF6613FBF}.Release|x64.Build.0 = Release|Any CPU
		{9BC1E4CA-AF5F-4CCF-8167-3A5DF6613FBF}.Release|x64.Deploy.0 = Release|Any CPU
		{9BC1E4CA-AF5F-4CCF-8167-3A5DF6613FBF}.Release|x86.ActiveCfg = Release|Any CPU
		{9BC1E4CA-AF5F-4CCF-8167-3A5DF6613FBF}.Release|x86.Build.0 = Release|Any CPU
		{9BC1E4CA-AF5F-4CCF-8167-3A5DF6613FBF}.Release|x86.Deploy.0 = Release|Any CPU
	EndGlobalSection
	GlobalSection(SolutionProperties) = preSolution
		HideSolutionNode = FALSE
	EndGlobalSection
	GlobalSection(ExtensibilityGlobals) = postSolution
		SolutionGuid = {D2210E9F-2199-4F0F-88AD-50A55844A716}
	EndGlobalSection
EndGlobal
